
Microsoft Visual Studio Solution File, Format Version 12.00
# Visual Studio Version 16
VisualStudioVersion = 16.0.32106.194
MinimumVisualStudioVersion = 10.0.40219.1
Project("{FAE04EC0-301F-11D3-BF4B-00C04F79EFBC}") = "assignment_3", "assignment_3.csproj", "{30B1AF68-0906-42D4-A35C-66257919EAF3}"
EndProject
Global
	GlobalSection(SolutionConfigurationPlatforms) = preSolution
		Debug|Any CPU = Debug|Any CPU
		Release|Any CPU = Release|Any CPU
	EndGlobalSection
	GlobalSection(ProjectConfigurationPlatforms) = postSolution
		{30B1AF68-0906-42D4-A35C-66257919EAF3}.Debug|Any CPU.ActiveCfg = Debug|Any CPU
		{30B1AF68-0906-42D4-A35C-66257919EAF3}.Debug|Any CPU.Build.0 = Debug|Any CPU
		{30B1AF68-0906-42D4-A35C-66257919EAF3}.Release|Any CPU.ActiveCfg = Release|Any CPU
		{30B1AF68-0906-42D4-A35C-66257919EAF3}.Release|Any CPU.Build.0 = Release|Any CPU
	EndGlobalSection
	GlobalSection(SolutionProperties) = preSolution
		HideSolutionNode = FALSE
	EndGlobalSection
	GlobalSection(ExtensibilityGlobals) = postSolution
		SolutionGuid = {93364EB0-E11B-433A-AE05-77819755416A}
	EndGlobalSection
EndGlobal
